
Microsoft Visual Studio Solution File, Format Version 12.00
# Visual Studio Version 16
VisualStudioVersion = 16.0.31129.286
MinimumVisualStudioVersion = 10.0.40219.1
Project("{FAE04EC0-301F-11D3-BF4B-00C04F79EFBC}") = "WebAPI", "WebAPI\WebAPI.csproj", "{DBE4E798-DFF1-457A-81BA-2C685F1AB322}"
EndProject
Global
	GlobalSection(SolutionConfigurationPlatforms) = preSolution
		Debug|Any CPU = Debug|Any CPU
		Release|Any CPU = Release|Any CPU
	EndGlobalSection
	GlobalSection(ProjectConfigurationPlatforms) = postSolution
		{DBE4E798-DFF1-457A-81BA-2C685F1AB322}.Debug|Any CPU.ActiveCfg = Debug|Any CPU
		{DBE4E798-DFF1-457A-81BA-2C685F1AB322}.Debug|Any CPU.Build.0 = Debug|Any CPU
		{DBE4E798-DFF1-457A-81BA-2C685F1AB322}.Release|Any CPU.ActiveCfg = Release|Any CPU
		{DBE4E798-DFF1-457A-81BA-2C685F1AB322}.Release|Any CPU.Build.0 = Release|Any CPU
	EndGlobalSection
	GlobalSection(SolutionProperties) = preSolution
		HideSolutionNode = FALSE
	EndGlobalSection
	GlobalSection(ExtensibilityGlobals) = postSolution
		SolutionGuid = {98C130B3-253B-4959-87CE-133EAAE5E136}
	EndGlobalSection
EndGlobal
